
Microsoft Visual Studio Solution File, Format Version 12.00
# Visual Studio Version 17
VisualStudioVersion = 17.12.35707.178
MinimumVisualStudioVersion = 10.0.40219.1
Project("{54A90642-561A-4BB1-A94E-469ADEE60C69}") = "schedulesask", "ScheduleSASK\schedulesask.esproj", "{5CDC5178-6129-498A-946E-FC124123177D}"
EndProject
Global
	GlobalSection(SolutionConfigurationPlatforms) = preSolution
		Debug|Any CPU = Debug|Any CPU
		Release|Any CPU = Release|Any CPU
	EndGlobalSection
	GlobalSection(ProjectConfigurationPlatforms) = postSolution
		{5CDC5178-6129-498A-946E-FC124123177D}.Debug|Any CPU.ActiveCfg = Debug|Any CPU
		{5CDC5178-6129-498A-946E-FC124123177D}.Debug|Any CPU.Build.0 = Debug|Any CPU
		{5CDC5178-6129-498A-946E-FC124123177D}.Debug|Any CPU.Deploy.0 = Debug|Any CPU
		{5CDC5178-6129-498A-946E-FC124123177D}.Release|Any CPU.ActiveCfg = Release|Any CPU
		{5CDC5178-6129-498A-946E-FC124123177D}.Release|Any CPU.Build.0 = Release|Any CPU
		{5CDC5178-6129-498A-946E-FC124123177D}.Release|Any CPU.Deploy.0 = Release|Any CPU
	EndGlobalSection
	GlobalSection(SolutionProperties) = preSolution
		HideSolutionNode = FALSE
	EndGlobalSection
	GlobalSection(ExtensibilityGlobals) = postSolution
		SolutionGuid = {8C4020FC-6C32-4BEF-BB5C-CFDFC5072D9B}
	EndGlobalSection
EndGlobal
